
Microsoft Visual Studio Solution File, Format Version 12.00
# Visual Studio Version 17
VisualStudioVersion = 17.10.35027.167
MinimumVisualStudioVersion = 10.0.40219.1
Project("{8BC9CEB8-8B4A-11D0-8D11-00A0C91BC942}") = "Ethernet_to_serial", "Ethernet_to_serial\Ethernet_to_serial.vcxproj", "{1CB9C72F-240F-47E9-88CD-46D353969E50}"
EndProject
Global
	GlobalSection(SolutionConfigurationPlatforms) = preSolution
		Debug|ARM = Debug|ARM
		Debug|ARM64 = Debug|ARM64
		Release|ARM = Release|ARM
		Release|ARM64 = Release|ARM64
	EndGlobalSection
	GlobalSection(ProjectConfigurationPlatforms) = postSolution
		{1CB9C72F-240F-47E9-88CD-46D353969E50}.Debug|ARM.ActiveCfg = Debug|ARM
		{1CB9C72F-240F-47E9-88CD-46D353969E50}.Debug|ARM.Build.0 = Debug|ARM
		{1CB9C72F-240F-47E9-88CD-46D353969E50}.Debug|ARM.Deploy.0 = Debug|ARM
		{1CB9C72F-240F-47E9-88CD-46D353969E50}.Debug|ARM64.ActiveCfg = Debug|ARM64
		{1CB9C72F-240F-47E9-88CD-46D353969E50}.Debug|ARM64.Build.0 = Debug|ARM64
		{1CB9C72F-240F-47E9-88CD-46D353969E50}.Debug|ARM64.Deploy.0 = Debug|ARM64
		{1CB9C72F-240F-47E9-88CD-46D353969E50}.Release|ARM.ActiveCfg = Release|ARM
		{1CB9C72F-240F-47E9-88CD-46D353969E50}.Release|ARM.Build.0 = Release|ARM
		{1CB9C72F-240F-47E9-88CD-46D353969E50}.Release|ARM.Deploy.0 = Release|ARM
		{1CB9C72F-240F-47E9-88CD-46D353969E50}.Release|ARM64.ActiveCfg = Release|ARM64
		{1CB9C72F-240F-47E9-88CD-46D353969E50}.Release|ARM64.Build.0 = Release|ARM64
		{1CB9C72F-240F-47E9-88CD-46D353969E50}.Release|ARM64.Deploy.0 = Release|ARM64
	EndGlobalSection
	GlobalSection(SolutionProperties) = preSolution
		HideSolutionNode = FALSE
	EndGlobalSection
	GlobalSection(ExtensibilityGlobals) = postSolution
		SolutionGuid = {1F8A5008-2B80-486C-B02A-53A2388994FB}
	EndGlobalSection
EndGlobal
